// !$*UTF8*$!
{
	archiveVersion = 1;
	classes = {
	};
	objectVersion = 55;
	objects = {

/* Begin PBXBuildFile section */
		4C2C1B9629BEE4A1009F1F54 /* AppDelegate.swift in Sources */ = {isa = PBXBuildFile; fileRef = 4C2C1B9529BEE4A1009F1F54 /* AppDelegate.swift */; };
		4C2C1BA029BEE4A1009F1F54 /* PokedexApp.xcdatamodeld in Sources */ = {isa = PBXBuildFile; fileRef = 4C2C1B9E29BEE4A1009F1F54 /* PokedexApp.xcdatamodeld */; };
		4C2C1BA229BEE4A2009F1F54 /* Assets.xcassets in Resources */ = {isa = PBXBuildFile; fileRef = 4C2C1BA129BEE4A2009F1F54 /* Assets.xcassets */; };
		4C2C1BA529BEE4A2009F1F54 /* LaunchScreen.storyboard in Resources */ = {isa = PBXBuildFile; fileRef = 4C2C1BA329BEE4A2009F1F54 /* LaunchScreen.storyboard */; };
		4C6C778F29BF9E0E00CB207F /* PDDependencies.framework in Frameworks */ = {isa = PBXBuildFile; fileRef = 4C6C778E29BF9E0E00CB207F /* PDDependencies.framework */; };
		4C6C779029BF9E0E00CB207F /* PDDependencies.framework in Embed Frameworks */ = {isa = PBXBuildFile; fileRef = 4C6C778E29BF9E0E00CB207F /* PDDependencies.framework */; settings = {ATTRIBUTES = (CodeSignOnCopy, RemoveHeadersOnCopy, ); }; };
		4C6C779329BF9E1300CB207F /* PDKit.framework in Frameworks */ = {isa = PBXBuildFile; fileRef = 4C6C779229BF9E1300CB207F /* PDKit.framework */; };
		4C6C779429BF9E1300CB207F /* PDKit.framework in Embed Frameworks */ = {isa = PBXBuildFile; fileRef = 4C6C779229BF9E1300CB207F /* PDKit.framework */; settings = {ATTRIBUTES = (CodeSignOnCopy, RemoveHeadersOnCopy, ); }; };
		4C6C779629BF9E1800CB207F /* PDNetworking.framework in Frameworks */ = {isa = PBXBuildFile; fileRef = 4C6C779529BF9E1800CB207F /* PDNetworking.framework */; };
		4C6C779729BF9E1800CB207F /* PDNetworking.framework in Embed Frameworks */ = {isa = PBXBuildFile; fileRef = 4C6C779529BF9E1800CB207F /* PDNetworking.framework */; settings = {ATTRIBUTES = (CodeSignOnCopy, RemoveHeadersOnCopy, ); }; };
		4C6C77A129BFC02300CB207F /* PDHomeViewController.swift in Sources */ = {isa = PBXBuildFile; fileRef = 4C6C77A029BFC02300CB207F /* PDHomeViewController.swift */; };
		4C6C77A329BFC04A00CB207F /* Home.storyboard in Resources */ = {isa = PBXBuildFile; fileRef = 4C6C77A229BFC04A00CB207F /* Home.storyboard */; };
		4C6C77A529BFC14100CB207F /* PDHomePresenter.swift in Sources */ = {isa = PBXBuildFile; fileRef = 4C6C77A429BFC14100CB207F /* PDHomePresenter.swift */; };
		4C6C77A729BFC15100CB207F /* PDHomeInteractor.swift in Sources */ = {isa = PBXBuildFile; fileRef = 4C6C77A629BFC15100CB207F /* PDHomeInteractor.swift */; };
		4C6C77A929BFC15E00CB207F /* PDHomeRouter.swift in Sources */ = {isa = PBXBuildFile; fileRef = 4C6C77A829BFC15E00CB207F /* PDHomeRouter.swift */; };
		4C6C77AB29BFC17900CB207F /* PDHomeConfigurator.swift in Sources */ = {isa = PBXBuildFile; fileRef = 4C6C77AA29BFC17900CB207F /* PDHomeConfigurator.swift */; };
		4C6C77AD29BFC5F000CB207F /* PDHomeLocalRepository.swift in Sources */ = {isa = PBXBuildFile; fileRef = 4C6C77AC29BFC5F000CB207F /* PDHomeLocalRepository.swift */; };
		4C6C77AF29BFC5FA00CB207F /* PDHomeRemoteRepository.swift in Sources */ = {isa = PBXBuildFile; fileRef = 4C6C77AE29BFC5FA00CB207F /* PDHomeRemoteRepository.swift */; };
		4C6C77B329BFCC1400CB207F /* PDPokemonCollectionViewCell.swift in Sources */ = {isa = PBXBuildFile; fileRef = 4C6C77B129BFCC1400CB207F /* PDPokemonCollectionViewCell.swift */; };
		4C6C77B429BFCC1400CB207F /* PDPokemonCollectionViewCell.xib in Resources */ = {isa = PBXBuildFile; fileRef = 4C6C77B229BFCC1400CB207F /* PDPokemonCollectionViewCell.xib */; };
		4C6C77BA29BFE5D800CB207F /* PokemonList.swift in Sources */ = {isa = PBXBuildFile; fileRef = 4C6C77B929BFE5D800CB207F /* PokemonList.swift */; };
		4C6C77BC29BFFB5F00CB207F /* PokemonDetail.swift in Sources */ = {isa = PBXBuildFile; fileRef = 4C6C77BB29BFFB5F00CB207F /* PokemonDetail.swift */; };
		4C6C77BE29C099BB00CB207F /* Localizable.strings in Resources */ = {isa = PBXBuildFile; fileRef = 4C6C77BD29C099BB00CB207F /* Localizable.strings */; };
		4C6C77C029C09BCA00CB207F /* PokemonError.swift in Sources */ = {isa = PBXBuildFile; fileRef = 4C6C77BF29C09BCA00CB207F /* PokemonError.swift */; };
		4CC9462B29C0D2B7002F38A7 /* PokemonDto.swift in Sources */ = {isa = PBXBuildFile; fileRef = 4CC9462A29C0D2B7002F38A7 /* PokemonDto.swift */; };
		4CC9463429C1162D002F38A7 /* PokemonDtoMapper.swift in Sources */ = {isa = PBXBuildFile; fileRef = 4CC9463329C1162D002F38A7 /* PokemonDtoMapper.swift */; };
		4CC9463729C1235C002F38A7 /* PokemonResponseMapper.swift in Sources */ = {isa = PBXBuildFile; fileRef = 4CC9463629C1235C002F38A7 /* PokemonResponseMapper.swift */; };
		4CC9463929C12AB2002F38A7 /* PokemonHabitat.swift in Sources */ = {isa = PBXBuildFile; fileRef = 4CC9463829C12AB2002F38A7 /* PokemonHabitat.swift */; };
		4CC9463B29C12B69002F38A7 /* PokemonEvolution.swift in Sources */ = {isa = PBXBuildFile; fileRef = 4CC9463A29C12B69002F38A7 /* PokemonEvolution.swift */; };
		4CE7CF6B29C153BE00776A14 /* PDPokemonDetailViewController.swift in Sources */ = {isa = PBXBuildFile; fileRef = 4CE7CF6A29C153BE00776A14 /* PDPokemonDetailViewController.swift */; };
		4CE7CF6D29C1541E00776A14 /* PDPokemonDetailPresenter.swift in Sources */ = {isa = PBXBuildFile; fileRef = 4CE7CF6C29C1541E00776A14 /* PDPokemonDetailPresenter.swift */; };
		4CE7CF6F29C1542E00776A14 /* PDPokemonDetailInteractor.swift in Sources */ = {isa = PBXBuildFile; fileRef = 4CE7CF6E29C1542E00776A14 /* PDPokemonDetailInteractor.swift */; };
		4CE7CF7129C1543900776A14 /* PDPokemonDetailRouter.swift in Sources */ = {isa = PBXBuildFile; fileRef = 4CE7CF7029C1543900776A14 /* PDPokemonDetailRouter.swift */; };
		4CE7CF7329C1544600776A14 /* PDPokemonDetailConfigurator.swift in Sources */ = {isa = PBXBuildFile; fileRef = 4CE7CF7229C1544600776A14 /* PDPokemonDetailConfigurator.swift */; };
		4CE7CF7529C156D200776A14 /* PDPokemonDetailRemoteRepository.swift in Sources */ = {isa = PBXBuildFile; fileRef = 4CE7CF7429C156D200776A14 /* PDPokemonDetailRemoteRepository.swift */; };
		4CE7CF7729C1571E00776A14 /* PDPokemonDetailLocalRepository.swift in Sources */ = {isa = PBXBuildFile; fileRef = 4CE7CF7629C1571E00776A14 /* PDPokemonDetailLocalRepository.swift */; };
		4CE7CF7929C158EF00776A14 /* PokemonDetail.storyboard in Resources */ = {isa = PBXBuildFile; fileRef = 4CE7CF7829C158EF00776A14 /* PokemonDetail.storyboard */; };
		4CE7CF7F29C1739000776A14 /* PokemonDescription.swift in Sources */ = {isa = PBXBuildFile; fileRef = 4CE7CF7E29C1739000776A14 /* PokemonDescription.swift */; };
/* End PBXBuildFile section */

/* Begin PBXCopyFilesBuildPhase section */
		4C6C779129BF9E0E00CB207F /* Embed Frameworks */ = {
			isa = PBXCopyFilesBuildPhase;
			buildActionMask = 2147483647;
			dstPath = "";
			dstSubfolderSpec = 10;
			files = (
				4C6C779029BF9E0E00CB207F /* PDDependencies.framework in Embed Frameworks */,
				4C6C779729BF9E1800CB207F /* PDNetworking.framework in Embed Frameworks */,
				4C6C779429BF9E1300CB207F /* PDKit.framework in Embed Frameworks */,
			);
			name = "Embed Frameworks";
			runOnlyForDeploymentPostprocessing = 0;
		};
/* End PBXCopyFilesBuildPhase section */

/* Begin PBXFileReference section */
		4C2C1B9229BEE4A1009F1F54 /* PokedexApp.app */ = {isa = PBXFileReference; explicitFileType = wrapper.application; includeInIndex = 0; path = PokedexApp.app; sourceTree = BUILT_PRODUCTS_DIR; };
		4C2C1B9529BEE4A1009F1F54 /* AppDelegate.swift */ = {isa = PBXFileReference; lastKnownFileType = sourcecode.swift; path = AppDelegate.swift; sourceTree = "<group>"; };
		4C2C1B9F29BEE4A1009F1F54 /* PokedexApp.xcdatamodel */ = {isa = PBXFileReference; lastKnownFileType = wrapper.xcdatamodel; path = PokedexApp.xcdatamodel; sourceTree = "<group>"; };
		4C2C1BA129BEE4A2009F1F54 /* Assets.xcassets */ = {isa = PBXFileReference; lastKnownFileType = folder.assetcatalog; path = Assets.xcassets; sourceTree = "<group>"; };
		4C2C1BA429BEE4A2009F1F54 /* Base */ = {isa = PBXFileReference; lastKnownFileType = file.storyboard; name = Base; path = Base.lproj/LaunchScreen.storyboard; sourceTree = "<group>"; };
		4C2C1BA629BEE4A2009F1F54 /* Info.plist */ = {isa = PBXFileReference; lastKnownFileType = text.plist.xml; path = Info.plist; sourceTree = "<group>"; };
		4C6C778E29BF9E0E00CB207F /* PDDependencies.framework */ = {isa = PBXFileReference; explicitFileType = wrapper.framework; path = PDDependencies.framework; sourceTree = BUILT_PRODUCTS_DIR; };
		4C6C779229BF9E1300CB207F /* PDKit.framework */ = {isa = PBXFileReference; explicitFileType = wrapper.framework; path = PDKit.framework; sourceTree = BUILT_PRODUCTS_DIR; };
		4C6C779529BF9E1800CB207F /* PDNetworking.framework */ = {isa = PBXFileReference; explicitFileType = wrapper.framework; path = PDNetworking.framework; sourceTree = BUILT_PRODUCTS_DIR; };
		4C6C77A029BFC02300CB207F /* PDHomeViewController.swift */ = {isa = PBXFileReference; lastKnownFileType = sourcecode.swift; path = PDHomeViewController.swift; sourceTree = "<group>"; };
		4C6C77A229BFC04A00CB207F /* Home.storyboard */ = {isa = PBXFileReference; lastKnownFileType = file.storyboard; path = Home.storyboard; sourceTree = "<group>"; };
		4C6C77A429BFC14100CB207F /* PDHomePresenter.swift */ = {isa = PBXFileReference; lastKnownFileType = sourcecode.swift; path = PDHomePresenter.swift; sourceTree = "<group>"; };
		4C6C77A629BFC15100CB207F /* PDHomeInteractor.swift */ = {isa = PBXFileReference; lastKnownFileType = sourcecode.swift; path = PDHomeInteractor.swift; sourceTree = "<group>"; };
		4C6C77A829BFC15E00CB207F /* PDHomeRouter.swift */ = {isa = PBXFileReference; lastKnownFileType = sourcecode.swift; path = PDHomeRouter.swift; sourceTree = "<group>"; };
		4C6C77AA29BFC17900CB207F /* PDHomeConfigurator.swift */ = {isa = PBXFileReference; lastKnownFileType = sourcecode.swift; path = PDHomeConfigurator.swift; sourceTree = "<group>"; };
		4C6C77AC29BFC5F000CB207F /* PDHomeLocalRepository.swift */ = {isa = PBXFileReference; lastKnownFileType = sourcecode.swift; path = PDHomeLocalRepository.swift; sourceTree = "<group>"; };
		4C6C77AE29BFC5FA00CB207F /* PDHomeRemoteRepository.swift */ = {isa = PBXFileReference; lastKnownFileType = sourcecode.swift; path = PDHomeRemoteRepository.swift; sourceTree = "<group>"; };
		4C6C77B129BFCC1400CB207F /* PDPokemonCollectionViewCell.swift */ = {isa = PBXFileReference; lastKnownFileType = sourcecode.swift; path = PDPokemonCollectionViewCell.swift; sourceTree = "<group>"; };
		4C6C77B229BFCC1400CB207F /* PDPokemonCollectionViewCell.xib */ = {isa = PBXFileReference; lastKnownFileType = file.xib; path = PDPokemonCollectionViewCell.xib; sourceTree = "<group>"; };
		4C6C77B929BFE5D800CB207F /* PokemonList.swift */ = {isa = PBXFileReference; lastKnownFileType = sourcecode.swift; path = PokemonList.swift; sourceTree = "<group>"; };
		4C6C77BB29BFFB5F00CB207F /* PokemonDetail.swift */ = {isa = PBXFileReference; lastKnownFileType = sourcecode.swift; path = PokemonDetail.swift; sourceTree = "<group>"; };
		4C6C77BD29C099BB00CB207F /* Localizable.strings */ = {isa = PBXFileReference; lastKnownFileType = text.plist.strings; path = Localizable.strings; sourceTree = "<group>"; };
		4C6C77BF29C09BCA00CB207F /* PokemonError.swift */ = {isa = PBXFileReference; lastKnownFileType = sourcecode.swift; path = PokemonError.swift; sourceTree = "<group>"; };
		4CC9462A29C0D2B7002F38A7 /* PokemonDto.swift */ = {isa = PBXFileReference; lastKnownFileType = sourcecode.swift; path = PokemonDto.swift; sourceTree = "<group>"; };
		4CC9463329C1162D002F38A7 /* PokemonDtoMapper.swift */ = {isa = PBXFileReference; lastKnownFileType = sourcecode.swift; path = PokemonDtoMapper.swift; sourceTree = "<group>"; };
		4CC9463629C1235C002F38A7 /* PokemonResponseMapper.swift */ = {isa = PBXFileReference; lastKnownFileType = sourcecode.swift; path = PokemonResponseMapper.swift; sourceTree = "<group>"; };
		4CC9463829C12AB2002F38A7 /* PokemonHabitat.swift */ = {isa = PBXFileReference; lastKnownFileType = sourcecode.swift; path = PokemonHabitat.swift; sourceTree = "<group>"; };
		4CC9463A29C12B69002F38A7 /* PokemonEvolution.swift */ = {isa = PBXFileReference; lastKnownFileType = sourcecode.swift; path = PokemonEvolution.swift; sourceTree = "<group>"; };
		4CE7CF6A29C153BE00776A14 /* PDPokemonDetailViewController.swift */ = {isa = PBXFileReference; lastKnownFileType = sourcecode.swift; path = PDPokemonDetailViewController.swift; sourceTree = "<group>"; };
		4CE7CF6C29C1541E00776A14 /* PDPokemonDetailPresenter.swift */ = {isa = PBXFileReference; lastKnownFileType = sourcecode.swift; path = PDPokemonDetailPresenter.swift; sourceTree = "<group>"; };
		4CE7CF6E29C1542E00776A14 /* PDPokemonDetailInteractor.swift */ = {isa = PBXFileReference; lastKnownFileType = sourcecode.swift; path = PDPokemonDetailInteractor.swift; sourceTree = "<group>"; };
		4CE7CF7029C1543900776A14 /* PDPokemonDetailRouter.swift */ = {isa = PBXFileReference; lastKnownFileType = sourcecode.swift; path = PDPokemonDetailRouter.swift; sourceTree = "<group>"; };
		4CE7CF7229C1544600776A14 /* PDPokemonDetailConfigurator.swift */ = {isa = PBXFileReference; lastKnownFileType = sourcecode.swift; path = PDPokemonDetailConfigurator.swift; sourceTree = "<group>"; };
		4CE7CF7429C156D200776A14 /* PDPokemonDetailRemoteRepository.swift */ = {isa = PBXFileReference; lastKnownFileType = sourcecode.swift; path = PDPokemonDetailRemoteRepository.swift; sourceTree = "<group>"; };
		4CE7CF7629C1571E00776A14 /* PDPokemonDetailLocalRepository.swift */ = {isa = PBXFileReference; lastKnownFileType = sourcecode.swift; path = PDPokemonDetailLocalRepository.swift; sourceTree = "<group>"; };
		4CE7CF7829C158EF00776A14 /* PokemonDetail.storyboard */ = {isa = PBXFileReference; lastKnownFileType = file.storyboard; path = PokemonDetail.storyboard; sourceTree = "<group>"; };
		4CE7CF7E29C1739000776A14 /* PokemonDescription.swift */ = {isa = PBXFileReference; lastKnownFileType = sourcecode.swift; path = PokemonDescription.swift; sourceTree = "<group>"; };
/* End PBXFileReference section */

/* Begin PBXFrameworksBuildPhase section */
		4C2C1B8F29BEE4A1009F1F54 /* Frameworks */ = {
			isa = PBXFrameworksBuildPhase;
			buildActionMask = 2147483647;
			files = (
				4C6C778F29BF9E0E00CB207F /* PDDependencies.framework in Frameworks */,
				4C6C779629BF9E1800CB207F /* PDNetworking.framework in Frameworks */,
				4C6C779329BF9E1300CB207F /* PDKit.framework in Frameworks */,
			);
			runOnlyForDeploymentPostprocessing = 0;
		};
/* End PBXFrameworksBuildPhase section */

/* Begin PBXGroup section */
		4C2C1B8929BEE4A1009F1F54 = {
			isa = PBXGroup;
			children = (
				4C2C1B9429BEE4A1009F1F54 /* PokedexApp */,
				4C2C1B9329BEE4A1009F1F54 /* Products */,
				4C6C778D29BF9E0E00CB207F /* Frameworks */,
			);
			sourceTree = "<group>";
		};
		4C2C1B9329BEE4A1009F1F54 /* Products */ = {
			isa = PBXGroup;
			children = (
				4C2C1B9229BEE4A1009F1F54 /* PokedexApp.app */,
			);
			name = Products;
			sourceTree = "<group>";
		};
		4C2C1B9429BEE4A1009F1F54 /* PokedexApp */ = {
			isa = PBXGroup;
			children = (
				4CC9463129C11476002F38A7 /* Resources */,
				4CC9463029C1146E002F38A7 /* App */,
				4C6C779A29BFBB4200CB207F /* Helper */,
				4C6C779929BFBB3900CB207F /* Repository */,
				4C6C779829BFBB3200CB207F /* Model */,
				4C6C779B29BFBB4E00CB207F /* Modules */,
				4C2C1BA329BEE4A2009F1F54 /* LaunchScreen.storyboard */,
				4C2C1BA629BEE4A2009F1F54 /* Info.plist */,
			);
			path = PokedexApp;
			sourceTree = "<group>";
		};
		4C6C778D29BF9E0E00CB207F /* Frameworks */ = {
			isa = PBXGroup;
			children = (
				4C6C779529BF9E1800CB207F /* PDNetworking.framework */,
				4C6C779229BF9E1300CB207F /* PDKit.framework */,
				4C6C778E29BF9E0E00CB207F /* PDDependencies.framework */,
			);
			name = Frameworks;
			sourceTree = "<group>";
		};
		4C6C779829BFBB3200CB207F /* Model */ = {
			isa = PBXGroup;
			children = (
				4C6C77BF29C09BCA00CB207F /* PokemonError.swift */,
				4C6C77B929BFE5D800CB207F /* PokemonList.swift */,
				4C6C77BB29BFFB5F00CB207F /* PokemonDetail.swift */,
				4CC9463829C12AB2002F38A7 /* PokemonHabitat.swift */,
				4CC9463A29C12B69002F38A7 /* PokemonEvolution.swift */,
				4CE7CF7E29C1739000776A14 /* PokemonDescription.swift */,
			);
			path = Model;
			sourceTree = "<group>";
		};
		4C6C779929BFBB3900CB207F /* Repository */ = {
			isa = PBXGroup;
			children = (
				4C6C779D29BFBB7F00CB207F /* Remote */,
				4C6C779C29BFBB7A00CB207F /* Local */,
			);
			path = Repository;
			sourceTree = "<group>";
		};
		4C6C779A29BFBB4200CB207F /* Helper */ = {
			isa = PBXGroup;
			children = (
			);
			path = Helper;
			sourceTree = "<group>";
		};
		4C6C779B29BFBB4E00CB207F /* Modules */ = {
			isa = PBXGroup;
			children = (
				4CE7CF6829C1487E00776A14 /* Detail */,
				4C6C779E29BFBFED00CB207F /* Home */,
			);
			path = Modules;
			sourceTree = "<group>";
		};
		4C6C779C29BFBB7A00CB207F /* Local */ = {
			isa = PBXGroup;
			children = (
				4CC9463229C1161D002F38A7 /* Parsing */,
				4CC9462929C0D1C1002F38A7 /* Dto */,
				4CC9462829C0D1BA002F38A7 /* DB */,
				4C6C77AC29BFC5F000CB207F /* PDHomeLocalRepository.swift */,
				4CE7CF7629C1571E00776A14 /* PDPokemonDetailLocalRepository.swift */,
			);
			path = Local;
			sourceTree = "<group>";
		};
		4C6C779D29BFBB7F00CB207F /* Remote */ = {
			isa = PBXGroup;
			children = (
				4CC9463529C12346002F38A7 /* Parsing */,
				4C6C77AE29BFC5FA00CB207F /* PDHomeRemoteRepository.swift */,
				4CE7CF7429C156D200776A14 /* PDPokemonDetailRemoteRepository.swift */,
			);
			path = Remote;
			sourceTree = "<group>";
		};
		4C6C779E29BFBFED00CB207F /* Home */ = {
			isa = PBXGroup;
			children = (
				4C6C779F29BFC01500CB207F /* View */,
				4C6C77A029BFC02300CB207F /* PDHomeViewController.swift */,
				4C6C77A429BFC14100CB207F /* PDHomePresenter.swift */,
				4C6C77A629BFC15100CB207F /* PDHomeInteractor.swift */,
				4C6C77A829BFC15E00CB207F /* PDHomeRouter.swift */,
				4C6C77AA29BFC17900CB207F /* PDHomeConfigurator.swift */,
			);
			path = Home;
			sourceTree = "<group>";
		};
		4C6C779F29BFC01500CB207F /* View */ = {
			isa = PBXGroup;
			children = (
				4C6C77A229BFC04A00CB207F /* Home.storyboard */,
				4C6C77B029BFCBF300CB207F /* Cells */,
			);
			path = View;
			sourceTree = "<group>";
		};
		4C6C77B029BFCBF300CB207F /* Cells */ = {
			isa = PBXGroup;
			children = (
				4C6C77B129BFCC1400CB207F /* PDPokemonCollectionViewCell.swift */,
				4C6C77B229BFCC1400CB207F /* PDPokemonCollectionViewCell.xib */,
			);
			path = Cells;
			sourceTree = "<group>";
		};
		4CC9462829C0D1BA002F38A7 /* DB */ = {
			isa = PBXGroup;
			children = (
				4C2C1B9E29BEE4A1009F1F54 /* PokedexApp.xcdatamodeld */,
			);
			path = DB;
			sourceTree = "<group>";
		};
		4CC9462929C0D1C1002F38A7 /* Dto */ = {
			isa = PBXGroup;
			children = (
				4CC9462A29C0D2B7002F38A7 /* PokemonDto.swift */,
			);
			path = Dto;
			sourceTree = "<group>";
		};
		4CC9463029C1146E002F38A7 /* App */ = {
			isa = PBXGroup;
			children = (
				4C2C1B9529BEE4A1009F1F54 /* AppDelegate.swift */,
			);
			path = App;
			sourceTree = "<group>";
		};
		4CC9463129C11476002F38A7 /* Resources */ = {
			isa = PBXGroup;
			children = (
				4C2C1BA129BEE4A2009F1F54 /* Assets.xcassets */,
				4C6C77BD29C099BB00CB207F /* Localizable.strings */,
			);
			path = Resources;
			sourceTree = "<group>";
		};
		4CC9463229C1161D002F38A7 /* Parsing */ = {
			isa = PBXGroup;
			children = (
				4CC9463329C1162D002F38A7 /* PokemonDtoMapper.swift */,
			);
			path = Parsing;
			sourceTree = "<group>";
		};
		4CC9463529C12346002F38A7 /* Parsing */ = {
			isa = PBXGroup;
			children = (
				4CC9463629C1235C002F38A7 /* PokemonResponseMapper.swift */,
			);
			path = Parsing;
			sourceTree = "<group>";
		};
		4CE7CF6829C1487E00776A14 /* Detail */ = {
			isa = PBXGroup;
			children = (
				4CE7CF6929C1489700776A14 /* View */,
				4CE7CF6A29C153BE00776A14 /* PDPokemonDetailViewController.swift */,
				4CE7CF6C29C1541E00776A14 /* PDPokemonDetailPresenter.swift */,
				4CE7CF6E29C1542E00776A14 /* PDPokemonDetailInteractor.swift */,
				4CE7CF7029C1543900776A14 /* PDPokemonDetailRouter.swift */,
				4CE7CF7229C1544600776A14 /* PDPokemonDetailConfigurator.swift */,
			);
			path = Detail;
			sourceTree = "<group>";
		};
		4CE7CF6929C1489700776A14 /* View */ = {
			isa = PBXGroup;
			children = (
				4CE7CF7829C158EF00776A14 /* PokemonDetail.storyboard */,
			);
			path = View;
			sourceTree = "<group>";
		};
/* End PBXGroup section */

/* Begin PBXNativeTarget section */
		4C2C1B9129BEE4A1009F1F54 /* PokedexApp */ = {
			isa = PBXNativeTarget;
			buildConfigurationList = 4C2C1BA929BEE4A2009F1F54 /* Build configuration list for PBXNativeTarget "PokedexApp" */;
			buildPhases = (
				4C2C1B8E29BEE4A1009F1F54 /* Sources */,
				4C2C1B8F29BEE4A1009F1F54 /* Frameworks */,
				4C2C1B9029BEE4A1009F1F54 /* Resources */,
				4C6C779129BF9E0E00CB207F /* Embed Frameworks */,
			);
			buildRules = (
			);
			dependencies = (
			);
			name = PokedexApp;
			productName = PokedexApp;
			productReference = 4C2C1B9229BEE4A1009F1F54 /* PokedexApp.app */;
			productType = "com.apple.product-type.application";
		};
/* End PBXNativeTarget section */

/* Begin PBXProject section */
		4C2C1B8A29BEE4A1009F1F54 /* Project object */ = {
			isa = PBXProject;
			attributes = {
				BuildIndependentTargetsInParallel = 1;
				LastSwiftUpdateCheck = 1410;
				LastUpgradeCheck = 1410;
				TargetAttributes = {
					4C2C1B9129BEE4A1009F1F54 = {
						CreatedOnToolsVersion = 14.1;
					};
				};
			};
			buildConfigurationList = 4C2C1B8D29BEE4A1009F1F54 /* Build configuration list for PBXProject "PokedexApp" */;
			compatibilityVersion = "Xcode 13.0";
			developmentRegion = en;
			hasScannedForEncodings = 0;
			knownRegions = (
				en,
				Base,
			);
			mainGroup = 4C2C1B8929BEE4A1009F1F54;
			productRefGroup = 4C2C1B9329BEE4A1009F1F54 /* Products */;
			projectDirPath = "";
			projectRoot = "";
			targets = (
				4C2C1B9129BEE4A1009F1F54 /* PokedexApp */,
			);
		};
/* End PBXProject section */

/* Begin PBXResourcesBuildPhase section */
		4C2C1B9029BEE4A1009F1F54 /* Resources */ = {
			isa = PBXResourcesBuildPhase;
			buildActionMask = 2147483647;
			files = (
				4C6C77BE29C099BB00CB207F /* Localizable.strings in Resources */,
				4C6C77B429BFCC1400CB207F /* PDPokemonCollectionViewCell.xib in Resources */,
				4C6C77A329BFC04A00CB207F /* Home.storyboard in Resources */,
				4C2C1BA529BEE4A2009F1F54 /* LaunchScreen.storyboard in Resources */,
				4C2C1BA229BEE4A2009F1F54 /* Assets.xcassets in Resources */,
				4CE7CF7929C158EF00776A14 /* PokemonDetail.storyboard in Resources */,
			);
			runOnlyForDeploymentPostprocessing = 0;
		};
/* End PBXResourcesBuildPhase section */

/* Begin PBXSourcesBuildPhase section */
		4C2C1B8E29BEE4A1009F1F54 /* Sources */ = {
			isa = PBXSourcesBuildPhase;
			buildActionMask = 2147483647;
			files = (
				4CE7CF7729C1571E00776A14 /* PDPokemonDetailLocalRepository.swift in Sources */,
				4C2C1BA029BEE4A1009F1F54 /* PokedexApp.xcdatamodeld in Sources */,
				4CE7CF6B29C153BE00776A14 /* PDPokemonDetailViewController.swift in Sources */,
				4CC9462B29C0D2B7002F38A7 /* PokemonDto.swift in Sources */,
				4CE7CF7129C1543900776A14 /* PDPokemonDetailRouter.swift in Sources */,
				4C6C77A729BFC15100CB207F /* PDHomeInteractor.swift in Sources */,
				4CC9463729C1235C002F38A7 /* PokemonResponseMapper.swift in Sources */,
				4CE7CF6F29C1542E00776A14 /* PDPokemonDetailInteractor.swift in Sources */,
				4CE7CF7F29C1739000776A14 /* PokemonDescription.swift in Sources */,
				4CE7CF6D29C1541E00776A14 /* PDPokemonDetailPresenter.swift in Sources */,
				4C6C77AF29BFC5FA00CB207F /* PDHomeRemoteRepository.swift in Sources */,
				4CC9463B29C12B69002F38A7 /* PokemonEvolution.swift in Sources */,
				4CE7CF7329C1544600776A14 /* PDPokemonDetailConfigurator.swift in Sources */,
				4C6C77A529BFC14100CB207F /* PDHomePresenter.swift in Sources */,
				4C6C77AB29BFC17900CB207F /* PDHomeConfigurator.swift in Sources */,
				4C6C77A929BFC15E00CB207F /* PDHomeRouter.swift in Sources */,
				4CC9463929C12AB2002F38A7 /* PokemonHabitat.swift in Sources */,
				4C6C77B329BFCC1400CB207F /* PDPokemonCollectionViewCell.swift in Sources */,
				4C2C1B9629BEE4A1009F1F54 /* AppDelegate.swift in Sources */,
				4C6C77C029C09BCA00CB207F /* PokemonError.swift in Sources */,
				4C6C77AD29BFC5F000CB207F /* PDHomeLocalRepository.swift in Sources */,
				4C6C77BA29BFE5D800CB207F /* PokemonList.swift in Sources */,
				4C6C77BC29BFFB5F00CB207F /* PokemonDetail.swift in Sources */,
				4CE7CF7529C156D200776A14 /* PDPokemonDetailRemoteRepository.swift in Sources */,
				4CC9463429C1162D002F38A7 /* PokemonDtoMapper.swift in Sources */,
				4C6C77A129BFC02300CB207F /* PDHomeViewController.swift in Sources */,
			);
			runOnlyForDeploymentPostprocessing = 0;
		};
/* End PBXSourcesBuildPhase section */

/* Begin PBXVariantGroup section */
		4C2C1BA329BEE4A2009F1F54 /* LaunchScreen.storyboard */ = {
			isa = PBXVariantGroup;
			children = (
				4C2C1BA429BEE4A2009F1F54 /* Base */,
			);
			name = LaunchScreen.storyboard;
			sourceTree = "<group>";
		};
/* End PBXVariantGroup section */

/* Begin XCBuildConfiguration section */
		4C2C1BA729BEE4A2009F1F54 /* Debug */ = {
			isa = XCBuildConfiguration;
			buildSettings = {
				ALWAYS_SEARCH_USER_PATHS = NO;
				CLANG_ANALYZER_NONNULL = YES;
				CLANG_ANALYZER_NUMBER_OBJECT_CONVERSION = YES_AGGRESSIVE;
				CLANG_CXX_LANGUAGE_STANDARD = "gnu++20";
				CLANG_ENABLE_MODULES = YES;
				CLANG_ENABLE_OBJC_ARC = YES;
				CLANG_ENABLE_OBJC_WEAK = YES;
				CLANG_WARN_BLOCK_CAPTURE_AUTORELEASING = YES;
				CLANG_WARN_BOOL_CONVERSION = YES;
				CLANG_WARN_COMMA = YES;
				CLANG_WARN_CONSTANT_CONVERSION = YES;
				CLANG_WARN_DEPRECATED_OBJC_IMPLEMENTATIONS = YES;
				CLANG_WARN_DIRECT_OBJC_ISA_USAGE = YES_ERROR;
				CLANG_WARN_DOCUMENTATION_COMMENTS = YES;
				CLANG_WARN_EMPTY_BODY = YES;
				CLANG_WARN_ENUM_CONVERSION = YES;
				CLANG_WARN_INFINITE_RECURSION = YES;
				CLANG_WARN_INT_CONVERSION = YES;
				CLANG_WARN_NON_LITERAL_NULL_CONVERSION = YES;
				CLANG_WARN_OBJC_IMPLICIT_RETAIN_SELF = YES;
				CLANG_WARN_OBJC_LITERAL_CONVERSION = YES;
				CLANG_WARN_OBJC_ROOT_CLASS = YES_ERROR;
				CLANG_WARN_QUOTED_INCLUDE_IN_FRAMEWORK_HEADER = YES;
				CLANG_WARN_RANGE_LOOP_ANALYSIS = YES;
				CLANG_WARN_STRICT_PROTOTYPES = YES;
				CLANG_WARN_SUSPICIOUS_MOVE = YES;
				CLANG_WARN_UNGUARDED_AVAILABILITY = YES_AGGRESSIVE;
				CLANG_WARN_UNREACHABLE_CODE = YES;
				CLANG_WARN__DUPLICATE_METHOD_MATCH = YES;
				COPY_PHASE_STRIP = NO;
				DEBUG_INFORMATION_FORMAT = dwarf;
				ENABLE_STRICT_OBJC_MSGSEND = YES;
				ENABLE_TESTABILITY = YES;
				GCC_C_LANGUAGE_STANDARD = gnu11;
				GCC_DYNAMIC_NO_PIC = NO;
				GCC_NO_COMMON_BLOCKS = YES;
				GCC_OPTIMIZATION_LEVEL = 0;
				GCC_PREPROCESSOR_DEFINITIONS = (
					"DEBUG=1",
					"$(inherited)",
				);
				GCC_WARN_64_TO_32_BIT_CONVERSION = YES;
				GCC_WARN_ABOUT_RETURN_TYPE = YES_ERROR;
				GCC_WARN_UNDECLARED_SELECTOR = YES;
				GCC_WARN_UNINITIALIZED_AUTOS = YES_AGGRESSIVE;
				GCC_WARN_UNUSED_FUNCTION = YES;
				GCC_WARN_UNUSED_VARIABLE = YES;
				IPHONEOS_DEPLOYMENT_TARGET = 15.2;
				MTL_ENABLE_DEBUG_INFO = INCLUDE_SOURCE;
				MTL_FAST_MATH = YES;
				ONLY_ACTIVE_ARCH = YES;
				SDKROOT = iphoneos;
				SWIFT_ACTIVE_COMPILATION_CONDITIONS = DEBUG;
				SWIFT_OPTIMIZATION_LEVEL = "-Onone";
			};
			name = Debug;
		};
		4C2C1BA829BEE4A2009F1F54 /* Release */ = {
			isa = XCBuildConfiguration;
			buildSettings = {
				ALWAYS_SEARCH_USER_PATHS = NO;
				CLANG_ANALYZER_NONNULL = YES;
				CLANG_ANALYZER_NUMBER_OBJECT_CONVERSION = YES_AGGRESSIVE;
				CLANG_CXX_LANGUAGE_STANDARD = "gnu++20";
				CLANG_ENABLE_MODULES = YES;
				CLANG_ENABLE_OBJC_ARC = YES;
				CLANG_ENABLE_OBJC_WEAK = YES;
				CLANG_WARN_BLOCK_CAPTURE_AUTORELEASING = YES;
				CLANG_WARN_BOOL_CONVERSION = YES;
				CLANG_WARN_COMMA = YES;
				CLANG_WARN_CONSTANT_CONVERSION = YES;
				CLANG_WARN_DEPRECATED_OBJC_IMPLEMENTATIONS = YES;
				CLANG_WARN_DIRECT_OBJC_ISA_USAGE = YES_ERROR;
				CLANG_WARN_DOCUMENTATION_COMMENTS = YES;
				CLANG_WARN_EMPTY_BODY = YES;
				CLANG_WARN_ENUM_CONVERSION = YES;
				CLANG_WARN_INFINITE_RECURSION = YES;
				CLANG_WARN_INT_CONVERSION = YES;
				CLANG_WARN_NON_LITERAL_NULL_CONVERSION = YES;
				CLANG_WARN_OBJC_IMPLICIT_RETAIN_SELF = YES;
				CLANG_WARN_OBJC_LITERAL_CONVERSION = YES;
				CLANG_WARN_OBJC_ROOT_CLASS = YES_ERROR;
				CLANG_WARN_QUOTED_INCLUDE_IN_FRAMEWORK_HEADER = YES;
				CLANG_WARN_RANGE_LOOP_ANALYSIS = YES;
				CLANG_WARN_STRICT_PROTOTYPES = YES;
				CLANG_WARN_SUSPICIOUS_MOVE = YES;
				CLANG_WARN_UNGUARDED_AVAILABILITY = YES_AGGRESSIVE;
				CLANG_WARN_UNREACHABLE_CODE = YES;
				CLANG_WARN__DUPLICATE_METHOD_MATCH = YES;
				COPY_PHASE_STRIP = NO;
				DEBUG_INFORMATION_FORMAT = "dwarf-with-dsym";
				ENABLE_NS_ASSERTIONS = NO;
				ENABLE_STRICT_OBJC_MSGSEND = YES;
				GCC_C_LANGUAGE_STANDARD = gnu11;
				GCC_NO_COMMON_BLOCKS = YES;
				GCC_WARN_64_TO_32_BIT_CONVERSION = YES;
				GCC_WARN_ABOUT_RETURN_TYPE = YES_ERROR;
				GCC_WARN_UNDECLARED_SELECTOR = YES;
				GCC_WARN_UNINITIALIZED_AUTOS = YES_AGGRESSIVE;
				GCC_WARN_UNUSED_FUNCTION = YES;
				GCC_WARN_UNUSED_VARIABLE = YES;
				IPHONEOS_DEPLOYMENT_TARGET = 15.2;
				MTL_ENABLE_DEBUG_INFO = NO;
				MTL_FAST_MATH = YES;
				SDKROOT = iphoneos;
				SWIFT_COMPILATION_MODE = wholemodule;
				SWIFT_OPTIMIZATION_LEVEL = "-O";
				VALIDATE_PRODUCT = YES;
			};
			name = Release;
		};
		4C2C1BAA29BEE4A2009F1F54 /* Debug */ = {
			isa = XCBuildConfiguration;
			buildSettings = {
				ASSETCATALOG_COMPILER_APPICON_NAME = AppIcon;
				ASSETCATALOG_COMPILER_GLOBAL_ACCENT_COLOR_NAME = AccentColor;
				CODE_SIGN_STYLE = Automatic;
				CURRENT_PROJECT_VERSION = 1;
				DEVELOPMENT_TEAM = A5APZBJCDC;
				GENERATE_INFOPLIST_FILE = YES;
				INFOPLIST_FILE = PokedexApp/Info.plist;
				INFOPLIST_KEY_UIApplicationSupportsIndirectInputEvents = YES;
				INFOPLIST_KEY_UILaunchStoryboardName = LaunchScreen;
				INFOPLIST_KEY_UIMainStoryboardFile = Home;
				INFOPLIST_KEY_UISupportedInterfaceOrientations = UIInterfaceOrientationPortrait;
				LD_RUNPATH_SEARCH_PATHS = (
					"$(inherited)",
					"@executable_path/Frameworks",
				);
				MARKETING_VERSION = 1.0;
				PRODUCT_BUNDLE_IDENTIFIER = com.angelo.pe.PokedexApp;
				PRODUCT_NAME = "$(TARGET_NAME)";
				SUPPORTED_PLATFORMS = "iphoneos iphonesimulator";
				SUPPORTS_MACCATALYST = NO;
				SUPPORTS_MAC_DESIGNED_FOR_IPHONE_IPAD = NO;
				SWIFT_EMIT_LOC_STRINGS = YES;
				SWIFT_VERSION = 5.0;
				TARGETED_DEVICE_FAMILY = "1,2";
			};
			name = Debug;
		};
		4C2C1BAB29BEE4A2009F1F54 /* Release */ = {
			isa = XCBuildConfiguration;
			buildSettings = {
				ASSETCATALOG_COMPILER_APPICON_NAME = AppIcon;
				ASSETCATALOG_COMPILER_GLOBAL_ACCENT_COLOR_NAME = AccentColor;
				CODE_SIGN_STYLE = Automatic;
				CURRENT_PROJECT_VERSION = 1;
				DEVELOPMENT_TEAM = A5APZBJCDC;
				GENERATE_INFOPLIST_FILE = YES;
				INFOPLIST_FILE = PokedexApp/Info.plist;
				INFOPLIST_KEY_UIApplicationSupportsIndirectInputEvents = YES;
				INFOPLIST_KEY_UILaunchStoryboardName = LaunchScreen;
				INFOPLIST_KEY_UIMainStoryboardFile = Home;
				INFOPLIST_KEY_UISupportedInterfaceOrientations = UIInterfaceOrientationPortrait;
				LD_RUNPATH_SEARCH_PATHS = (
					"$(inherited)",
					"@executable_path/Frameworks",
				);
				MARKETING_VERSION = 1.0;
				PRODUCT_BUNDLE_IDENTIFIER = com.angelo.pe.PokedexApp;
				PRODUCT_NAME = "$(TARGET_NAME)";
				SUPPORTED_PLATFORMS = "iphoneos iphonesimulator";
				SUPPORTS_MACCATALYST = NO;
				SUPPORTS_MAC_DESIGNED_FOR_IPHONE_IPAD = NO;
				SWIFT_EMIT_LOC_STRINGS = YES;
				SWIFT_VERSION = 5.0;
				TARGETED_DEVICE_FAMILY = "1,2";
			};
			name = Release;
		};
/* End XCBuildConfiguration section */

/* Begin XCConfigurationList section */
		4C2C1B8D29BEE4A1009F1F54 /* Build configuration list for PBXProject "PokedexApp" */ = {
			isa = XCConfigurationList;
			buildConfigurations = (
				4C2C1BA729BEE4A2009F1F54 /* Debug */,
				4C2C1BA829BEE4A2009F1F54 /* Release */,
			);
			defaultConfigurationIsVisible = 0;
			defaultConfigurationName = Release;
		};
		4C2C1BA929BEE4A2009F1F54 /* Build configuration list for PBXNativeTarget "PokedexApp" */ = {
			isa = XCConfigurationList;
			buildConfigurations = (
				4C2C1BAA29BEE4A2009F1F54 /* Debug */,
				4C2C1BAB29BEE4A2009F1F54 /* Release */,
			);
			defaultConfigurationIsVisible = 0;
			defaultConfigurationName = Release;
		};
/* End XCConfigurationList section */

/* Begin XCVersionGroup section */
		4C2C1B9E29BEE4A1009F1F54 /* PokedexApp.xcdatamodeld */ = {
			isa = XCVersionGroup;
			children = (
				4C2C1B9F29BEE4A1009F1F54 /* PokedexApp.xcdatamodel */,
			);
			currentVersion = 4C2C1B9F29BEE4A1009F1F54 /* PokedexApp.xcdatamodel */;
			path = PokedexApp.xcdatamodeld;
			sourceTree = "<group>";
			versionGroupType = wrapper.xcdatamodel;
		};
/* End XCVersionGroup section */
	};
	rootObject = 4C2C1B8A29BEE4A1009F1F54 /* Project object */;
}
