// !$*UTF8*$!
{
	archiveVersion = 1;
	classes = {
	};
	objectVersion = 55;
	objects = {

/* Begin PBXBuildFile section */
		4C2C1C6B29BF1356009F1F54 /* PDNetworking.docc in Sources */ = {isa = PBXBuildFile; fileRef = 4C2C1C6A29BF1356009F1F54 /* PDNetworking.docc */; };
		4C2C1C7129BF1356009F1F54 /* PDNetworking.framework in Frameworks */ = {isa = PBXBuildFile; fileRef = 4C2C1C6629BF1356009F1F54 /* PDNetworking.framework */; };
		4C2C1C7629BF1356009F1F54 /* PDNetworkingTests.swift in Sources */ = {isa = PBXBuildFile; fileRef = 4C2C1C7529BF1356009F1F54 /* PDNetworkingTests.swift */; };
		4C2C1C7729BF1356009F1F54 /* PDNetworking.h in Headers */ = {isa = PBXBuildFile; fileRef = 4C2C1C6929BF1356009F1F54 /* PDNetworking.h */; settings = {ATTRIBUTES = (Public, ); }; };
		4C2C1C8529BF15C6009F1F54 /* URL+extensions.swift in Sources */ = {isa = PBXBuildFile; fileRef = 4C2C1C8429BF15C6009F1F54 /* URL+extensions.swift */; };
		4C2C1C8729BF161F009F1F54 /* HTTPMethod.swift in Sources */ = {isa = PBXBuildFile; fileRef = 4C2C1C8629BF161F009F1F54 /* HTTPMethod.swift */; };
		4C2C1C8929BF1648009F1F54 /* HeaderKey.swift in Sources */ = {isa = PBXBuildFile; fileRef = 4C2C1C8829BF1648009F1F54 /* HeaderKey.swift */; };
		4C2C1C8B29BF1691009F1F54 /* NetworkingError.swift in Sources */ = {isa = PBXBuildFile; fileRef = 4C2C1C8A29BF1691009F1F54 /* NetworkingError.swift */; };
		4C2C1C8E29BF16D4009F1F54 /* RestClient.swift in Sources */ = {isa = PBXBuildFile; fileRef = 4C2C1C8D29BF16D3009F1F54 /* RestClient.swift */; };
		4C2C1C9229BF1758009F1F54 /* BaseRequest.swift in Sources */ = {isa = PBXBuildFile; fileRef = 4C2C1C9129BF1758009F1F54 /* BaseRequest.swift */; };
		4C2C1C9429BF1845009F1F54 /* PDEmptyRequest.swift in Sources */ = {isa = PBXBuildFile; fileRef = 4C2C1C9329BF1845009F1F54 /* PDEmptyRequest.swift */; };
		4C2C1C9629BF1868009F1F54 /* PDEmptyResponse.swift in Sources */ = {isa = PBXBuildFile; fileRef = 4C2C1C9529BF1868009F1F54 /* PDEmptyResponse.swift */; };
		4C2C1C9829BF1A2C009F1F54 /* PDNetworkReachability.swift in Sources */ = {isa = PBXBuildFile; fileRef = 4C2C1C9729BF1A2C009F1F54 /* PDNetworkReachability.swift */; };
		4C2C1C9A29BF2136009F1F54 /* PostRequest.swift in Sources */ = {isa = PBXBuildFile; fileRef = 4C2C1C9929BF2136009F1F54 /* PostRequest.swift */; };
		4C2C1C9C29BF2169009F1F54 /* GetRequest.swift in Sources */ = {isa = PBXBuildFile; fileRef = 4C2C1C9B29BF2169009F1F54 /* GetRequest.swift */; };
		4C2C1C9E29BF8B1F009F1F54 /* PDServiceType.swift in Sources */ = {isa = PBXBuildFile; fileRef = 4C2C1C9D29BF8B1F009F1F54 /* PDServiceType.swift */; };
		4C2C1CA029BF8B5C009F1F54 /* PDEnvironment.swift in Sources */ = {isa = PBXBuildFile; fileRef = 4C2C1C9F29BF8B5C009F1F54 /* PDEnvironment.swift */; };
		4C2C1CA229BF901C009F1F54 /* PDPath.swift in Sources */ = {isa = PBXBuildFile; fileRef = 4C2C1CA129BF901C009F1F54 /* PDPath.swift */; };
		4C6C77B629BFD28400CB207F /* PokemonListRequest.swift in Sources */ = {isa = PBXBuildFile; fileRef = 4C6C77B529BFD28400CB207F /* PokemonListRequest.swift */; };
		4C6C77B829BFD74400CB207F /* PokemonDetailRequest.swift in Sources */ = {isa = PBXBuildFile; fileRef = 4C6C77B729BFD74400CB207F /* PokemonDetailRequest.swift */; };
		4CC9462D29C0DA45002F38A7 /* PokemonHabitatRequest.swift in Sources */ = {isa = PBXBuildFile; fileRef = 4CC9462C29C0DA45002F38A7 /* PokemonHabitatRequest.swift */; };
		4CC9462F29C0DEA0002F38A7 /* PokemonEvolutionRequest.swift in Sources */ = {isa = PBXBuildFile; fileRef = 4CC9462E29C0DEA0002F38A7 /* PokemonEvolutionRequest.swift */; };
/* End PBXBuildFile section */

/* Begin PBXContainerItemProxy section */
		4C2C1C7229BF1356009F1F54 /* PBXContainerItemProxy */ = {
			isa = PBXContainerItemProxy;
			containerPortal = 4C2C1C5D29BF1356009F1F54 /* Project object */;
			proxyType = 1;
			remoteGlobalIDString = 4C2C1C6529BF1356009F1F54;
			remoteInfo = PDNetworking;
		};
/* End PBXContainerItemProxy section */

/* Begin PBXFileReference section */
		4C2C1C6629BF1356009F1F54 /* PDNetworking.framework */ = {isa = PBXFileReference; explicitFileType = wrapper.framework; includeInIndex = 0; path = PDNetworking.framework; sourceTree = BUILT_PRODUCTS_DIR; };
		4C2C1C6929BF1356009F1F54 /* PDNetworking.h */ = {isa = PBXFileReference; lastKnownFileType = sourcecode.c.h; path = PDNetworking.h; sourceTree = "<group>"; };
		4C2C1C6A29BF1356009F1F54 /* PDNetworking.docc */ = {isa = PBXFileReference; lastKnownFileType = folder.documentationcatalog; path = PDNetworking.docc; sourceTree = "<group>"; };
		4C2C1C7029BF1356009F1F54 /* PDNetworkingTests.xctest */ = {isa = PBXFileReference; explicitFileType = wrapper.cfbundle; includeInIndex = 0; path = PDNetworkingTests.xctest; sourceTree = BUILT_PRODUCTS_DIR; };
		4C2C1C7529BF1356009F1F54 /* PDNetworkingTests.swift */ = {isa = PBXFileReference; lastKnownFileType = sourcecode.swift; path = PDNetworkingTests.swift; sourceTree = "<group>"; };
		4C2C1C8429BF15C6009F1F54 /* URL+extensions.swift */ = {isa = PBXFileReference; lastKnownFileType = sourcecode.swift; path = "URL+extensions.swift"; sourceTree = "<group>"; };
		4C2C1C8629BF161F009F1F54 /* HTTPMethod.swift */ = {isa = PBXFileReference; lastKnownFileType = sourcecode.swift; path = HTTPMethod.swift; sourceTree = "<group>"; };
		4C2C1C8829BF1648009F1F54 /* HeaderKey.swift */ = {isa = PBXFileReference; lastKnownFileType = sourcecode.swift; path = HeaderKey.swift; sourceTree = "<group>"; };
		4C2C1C8A29BF1691009F1F54 /* NetworkingError.swift */ = {isa = PBXFileReference; lastKnownFileType = sourcecode.swift; path = NetworkingError.swift; sourceTree = "<group>"; };
		4C2C1C8D29BF16D3009F1F54 /* RestClient.swift */ = {isa = PBXFileReference; lastKnownFileType = sourcecode.swift; path = RestClient.swift; sourceTree = "<group>"; };
		4C2C1C9129BF1758009F1F54 /* BaseRequest.swift */ = {isa = PBXFileReference; lastKnownFileType = sourcecode.swift; path = BaseRequest.swift; sourceTree = "<group>"; };
		4C2C1C9329BF1845009F1F54 /* PDEmptyRequest.swift */ = {isa = PBXFileReference; lastKnownFileType = sourcecode.swift; path = PDEmptyRequest.swift; sourceTree = "<group>"; };
		4C2C1C9529BF1868009F1F54 /* PDEmptyResponse.swift */ = {isa = PBXFileReference; lastKnownFileType = sourcecode.swift; path = PDEmptyResponse.swift; sourceTree = "<group>"; };
		4C2C1C9729BF1A2C009F1F54 /* PDNetworkReachability.swift */ = {isa = PBXFileReference; lastKnownFileType = sourcecode.swift; path = PDNetworkReachability.swift; sourceTree = "<group>"; };
		4C2C1C9929BF2136009F1F54 /* PostRequest.swift */ = {isa = PBXFileReference; lastKnownFileType = sourcecode.swift; path = PostRequest.swift; sourceTree = "<group>"; };
		4C2C1C9B29BF2169009F1F54 /* GetRequest.swift */ = {isa = PBXFileReference; lastKnownFileType = sourcecode.swift; path = GetRequest.swift; sourceTree = "<group>"; };
		4C2C1C9D29BF8B1F009F1F54 /* PDServiceType.swift */ = {isa = PBXFileReference; lastKnownFileType = sourcecode.swift; path = PDServiceType.swift; sourceTree = "<group>"; };
		4C2C1C9F29BF8B5C009F1F54 /* PDEnvironment.swift */ = {isa = PBXFileReference; lastKnownFileType = sourcecode.swift; path = PDEnvironment.swift; sourceTree = "<group>"; };
		4C2C1CA129BF901C009F1F54 /* PDPath.swift */ = {isa = PBXFileReference; lastKnownFileType = sourcecode.swift; path = PDPath.swift; sourceTree = "<group>"; };
		4C6C77B529BFD28400CB207F /* PokemonListRequest.swift */ = {isa = PBXFileReference; lastKnownFileType = sourcecode.swift; path = PokemonListRequest.swift; sourceTree = "<group>"; };
		4C6C77B729BFD74400CB207F /* PokemonDetailRequest.swift */ = {isa = PBXFileReference; lastKnownFileType = sourcecode.swift; path = PokemonDetailRequest.swift; sourceTree = "<group>"; };
		4CC9462C29C0DA45002F38A7 /* PokemonHabitatRequest.swift */ = {isa = PBXFileReference; lastKnownFileType = sourcecode.swift; path = PokemonHabitatRequest.swift; sourceTree = "<group>"; };
		4CC9462E29C0DEA0002F38A7 /* PokemonEvolutionRequest.swift */ = {isa = PBXFileReference; lastKnownFileType = sourcecode.swift; path = PokemonEvolutionRequest.swift; sourceTree = "<group>"; };
/* End PBXFileReference section */

/* Begin PBXFrameworksBuildPhase section */
		4C2C1C6329BF1356009F1F54 /* Frameworks */ = {
			isa = PBXFrameworksBuildPhase;
			buildActionMask = 2147483647;
			files = (
			);
			runOnlyForDeploymentPostprocessing = 0;
		};
		4C2C1C6D29BF1356009F1F54 /* Frameworks */ = {
			isa = PBXFrameworksBuildPhase;
			buildActionMask = 2147483647;
			files = (
				4C2C1C7129BF1356009F1F54 /* PDNetworking.framework in Frameworks */,
			);
			runOnlyForDeploymentPostprocessing = 0;
		};
/* End PBXFrameworksBuildPhase section */

/* Begin PBXGroup section */
		4C2C1C5C29BF1356009F1F54 = {
			isa = PBXGroup;
			children = (
				4C2C1C6829BF1356009F1F54 /* PDNetworking */,
				4C2C1C7429BF1356009F1F54 /* PDNetworkingTests */,
				4C2C1C6729BF1356009F1F54 /* Products */,
			);
			sourceTree = "<group>";
		};
		4C2C1C6729BF1356009F1F54 /* Products */ = {
			isa = PBXGroup;
			children = (
				4C2C1C6629BF1356009F1F54 /* PDNetworking.framework */,
				4C2C1C7029BF1356009F1F54 /* PDNetworkingTests.xctest */,
			);
			name = Products;
			sourceTree = "<group>";
		};
		4C2C1C6829BF1356009F1F54 /* PDNetworking */ = {
			isa = PBXGroup;
			children = (
				4C2C1C8329BF15A4009F1F54 /* Extensions */,
				4C2C1C8129BF1595009F1F54 /* Helpers */,
				4C2C1C8029BF1589009F1F54 /* Sources */,
				4C2C1C8F29BF1700009F1F54 /* Client */,
				4C2C1C8229BF159C009F1F54 /* Request */,
				4C2C1C6929BF1356009F1F54 /* PDNetworking.h */,
				4C2C1C6A29BF1356009F1F54 /* PDNetworking.docc */,
			);
			path = PDNetworking;
			sourceTree = "<group>";
		};
		4C2C1C7429BF1356009F1F54 /* PDNetworkingTests */ = {
			isa = PBXGroup;
			children = (
				4C2C1C7529BF1356009F1F54 /* PDNetworkingTests.swift */,
			);
			path = PDNetworkingTests;
			sourceTree = "<group>";
		};
		4C2C1C8029BF1589009F1F54 /* Sources */ = {
			isa = PBXGroup;
			children = (
				4C2C1C8629BF161F009F1F54 /* HTTPMethod.swift */,
				4C2C1C8829BF1648009F1F54 /* HeaderKey.swift */,
				4C2C1C8A29BF1691009F1F54 /* NetworkingError.swift */,
				4C2C1C9D29BF8B1F009F1F54 /* PDServiceType.swift */,
				4C2C1C9F29BF8B5C009F1F54 /* PDEnvironment.swift */,
				4C2C1CA129BF901C009F1F54 /* PDPath.swift */,
			);
			path = Sources;
			sourceTree = "<group>";
		};
		4C2C1C8129BF1595009F1F54 /* Helpers */ = {
			isa = PBXGroup;
			children = (
				4C2C1C9729BF1A2C009F1F54 /* PDNetworkReachability.swift */,
			);
			path = Helpers;
			sourceTree = "<group>";
		};
		4C2C1C8229BF159C009F1F54 /* Request */ = {
			isa = PBXGroup;
			children = (
				4C2C1C9029BF170F009F1F54 /* Base */,
				4C2C1C8C29BF16BB009F1F54 /* Empty */,
				4C6C77B529BFD28400CB207F /* PokemonListRequest.swift */,
				4C6C77B729BFD74400CB207F /* PokemonDetailRequest.swift */,
				4CC9462C29C0DA45002F38A7 /* PokemonHabitatRequest.swift */,
				4CC9462E29C0DEA0002F38A7 /* PokemonEvolutionRequest.swift */,
			);
			path = Request;
			sourceTree = "<group>";
		};
		4C2C1C8329BF15A4009F1F54 /* Extensions */ = {
			isa = PBXGroup;
			children = (
				4C2C1C8429BF15C6009F1F54 /* URL+extensions.swift */,
			);
			path = Extensions;
			sourceTree = "<group>";
		};
		4C2C1C8C29BF16BB009F1F54 /* Empty */ = {
			isa = PBXGroup;
			children = (
				4C2C1C9329BF1845009F1F54 /* PDEmptyRequest.swift */,
				4C2C1C9529BF1868009F1F54 /* PDEmptyResponse.swift */,
			);
			path = Empty;
			sourceTree = "<group>";
		};
		4C2C1C8F29BF1700009F1F54 /* Client */ = {
			isa = PBXGroup;
			children = (
				4C2C1C8D29BF16D3009F1F54 /* RestClient.swift */,
			);
			path = Client;
			sourceTree = "<group>";
		};
		4C2C1C9029BF170F009F1F54 /* Base */ = {
			isa = PBXGroup;
			children = (
				4C2C1C9129BF1758009F1F54 /* BaseRequest.swift */,
				4C2C1C9929BF2136009F1F54 /* PostRequest.swift */,
				4C2C1C9B29BF2169009F1F54 /* GetRequest.swift */,
			);
			path = Base;
			sourceTree = "<group>";
		};
/* End PBXGroup section */

/* Begin PBXHeadersBuildPhase section */
		4C2C1C6129BF1356009F1F54 /* Headers */ = {
			isa = PBXHeadersBuildPhase;
			buildActionMask = 2147483647;
			files = (
				4C2C1C7729BF1356009F1F54 /* PDNetworking.h in Headers */,
			);
			runOnlyForDeploymentPostprocessing = 0;
		};
/* End PBXHeadersBuildPhase section */

/* Begin PBXNativeTarget section */
		4C2C1C6529BF1356009F1F54 /* PDNetworking */ = {
			isa = PBXNativeTarget;
			buildConfigurationList = 4C2C1C7A29BF1356009F1F54 /* Build configuration list for PBXNativeTarget "PDNetworking" */;
			buildPhases = (
				4C2C1C6129BF1356009F1F54 /* Headers */,
				4C2C1C6229BF1356009F1F54 /* Sources */,
				4C2C1C6329BF1356009F1F54 /* Frameworks */,
				4C2C1C6429BF1356009F1F54 /* Resources */,
			);
			buildRules = (
			);
			dependencies = (
			);
			name = PDNetworking;
			productName = PDNetworking;
			productReference = 4C2C1C6629BF1356009F1F54 /* PDNetworking.framework */;
			productType = "com.apple.product-type.framework";
		};
		4C2C1C6F29BF1356009F1F54 /* PDNetworkingTests */ = {
			isa = PBXNativeTarget;
			buildConfigurationList = 4C2C1C7D29BF1356009F1F54 /* Build configuration list for PBXNativeTarget "PDNetworkingTests" */;
			buildPhases = (
				4C2C1C6C29BF1356009F1F54 /* Sources */,
				4C2C1C6D29BF1356009F1F54 /* Frameworks */,
				4C2C1C6E29BF1356009F1F54 /* Resources */,
			);
			buildRules = (
			);
			dependencies = (
				4C2C1C7329BF1356009F1F54 /* PBXTargetDependency */,
			);
			name = PDNetworkingTests;
			productName = PDNetworkingTests;
			productReference = 4C2C1C7029BF1356009F1F54 /* PDNetworkingTests.xctest */;
			productType = "com.apple.product-type.bundle.unit-test";
		};
/* End PBXNativeTarget section */

/* Begin PBXProject section */
		4C2C1C5D29BF1356009F1F54 /* Project object */ = {
			isa = PBXProject;
			attributes = {
				BuildIndependentTargetsInParallel = 1;
				LastSwiftUpdateCheck = 1410;
				LastUpgradeCheck = 1410;
				TargetAttributes = {
					4C2C1C6529BF1356009F1F54 = {
						CreatedOnToolsVersion = 14.1;
					};
					4C2C1C6F29BF1356009F1F54 = {
						CreatedOnToolsVersion = 14.1;
					};
				};
			};
			buildConfigurationList = 4C2C1C6029BF1356009F1F54 /* Build configuration list for PBXProject "PDNetworking" */;
			compatibilityVersion = "Xcode 13.0";
			developmentRegion = en;
			hasScannedForEncodings = 0;
			knownRegions = (
				en,
				Base,
			);
			mainGroup = 4C2C1C5C29BF1356009F1F54;
			productRefGroup = 4C2C1C6729BF1356009F1F54 /* Products */;
			projectDirPath = "";
			projectRoot = "";
			targets = (
				4C2C1C6529BF1356009F1F54 /* PDNetworking */,
				4C2C1C6F29BF1356009F1F54 /* PDNetworkingTests */,
			);
		};
/* End PBXProject section */

/* Begin PBXResourcesBuildPhase section */
		4C2C1C6429BF1356009F1F54 /* Resources */ = {
			isa = PBXResourcesBuildPhase;
			buildActionMask = 2147483647;
			files = (
			);
			runOnlyForDeploymentPostprocessing = 0;
		};
		4C2C1C6E29BF1356009F1F54 /* Resources */ = {
			isa = PBXResourcesBuildPhase;
			buildActionMask = 2147483647;
			files = (
			);
			runOnlyForDeploymentPostprocessing = 0;
		};
/* End PBXResourcesBuildPhase section */

/* Begin PBXSourcesBuildPhase section */
		4C2C1C6229BF1356009F1F54 /* Sources */ = {
			isa = PBXSourcesBuildPhase;
			buildActionMask = 2147483647;
			files = (
				4C2C1C8929BF1648009F1F54 /* HeaderKey.swift in Sources */,
				4CC9462D29C0DA45002F38A7 /* PokemonHabitatRequest.swift in Sources */,
				4C6C77B629BFD28400CB207F /* PokemonListRequest.swift in Sources */,
				4C2C1CA029BF8B5C009F1F54 /* PDEnvironment.swift in Sources */,
				4C2C1C6B29BF1356009F1F54 /* PDNetworking.docc in Sources */,
				4C2C1C9629BF1868009F1F54 /* PDEmptyResponse.swift in Sources */,
				4CC9462F29C0DEA0002F38A7 /* PokemonEvolutionRequest.swift in Sources */,
				4C2C1C8529BF15C6009F1F54 /* URL+extensions.swift in Sources */,
				4C6C77B829BFD74400CB207F /* PokemonDetailRequest.swift in Sources */,
				4C2C1C9429BF1845009F1F54 /* PDEmptyRequest.swift in Sources */,
				4C2C1C9E29BF8B1F009F1F54 /* PDServiceType.swift in Sources */,
				4C2C1C9229BF1758009F1F54 /* BaseRequest.swift in Sources */,
				4C2C1C8729BF161F009F1F54 /* HTTPMethod.swift in Sources */,
				4C2C1C8E29BF16D4009F1F54 /* RestClient.swift in Sources */,
				4C2C1CA229BF901C009F1F54 /* PDPath.swift in Sources */,
				4C2C1C9C29BF2169009F1F54 /* GetRequest.swift in Sources */,
				4C2C1C8B29BF1691009F1F54 /* NetworkingError.swift in Sources */,
				4C2C1C9829BF1A2C009F1F54 /* PDNetworkReachability.swift in Sources */,
				4C2C1C9A29BF2136009F1F54 /* PostRequest.swift in Sources */,
			);
			runOnlyForDeploymentPostprocessing = 0;
		};
		4C2C1C6C29BF1356009F1F54 /* Sources */ = {
			isa = PBXSourcesBuildPhase;
			buildActionMask = 2147483647;
			files = (
				4C2C1C7629BF1356009F1F54 /* PDNetworkingTests.swift in Sources */,
			);
			runOnlyForDeploymentPostprocessing = 0;
		};
/* End PBXSourcesBuildPhase section */

/* Begin PBXTargetDependency section */
		4C2C1C7329BF1356009F1F54 /* PBXTargetDependency */ = {
			isa = PBXTargetDependency;
			target = 4C2C1C6529BF1356009F1F54 /* PDNetworking */;
			targetProxy = 4C2C1C7229BF1356009F1F54 /* PBXContainerItemProxy */;
		};
/* End PBXTargetDependency section */

/* Begin XCBuildConfiguration section */
		4C2C1C7829BF1356009F1F54 /* Debug */ = {
			isa = XCBuildConfiguration;
			buildSettings = {
				ALWAYS_SEARCH_USER_PATHS = NO;
				CLANG_ANALYZER_NONNULL = YES;
				CLANG_ANALYZER_NUMBER_OBJECT_CONVERSION = YES_AGGRESSIVE;
				CLANG_CXX_LANGUAGE_STANDARD = "gnu++20";
				CLANG_ENABLE_MODULES = YES;
				CLANG_ENABLE_OBJC_ARC = YES;
				CLANG_ENABLE_OBJC_WEAK = YES;
				CLANG_WARN_BLOCK_CAPTURE_AUTORELEASING = YES;
				CLANG_WARN_BOOL_CONVERSION = YES;
				CLANG_WARN_COMMA = YES;
				CLANG_WARN_CONSTANT_CONVERSION = YES;
				CLANG_WARN_DEPRECATED_OBJC_IMPLEMENTATIONS = YES;
				CLANG_WARN_DIRECT_OBJC_ISA_USAGE = YES_ERROR;
				CLANG_WARN_DOCUMENTATION_COMMENTS = YES;
				CLANG_WARN_EMPTY_BODY = YES;
				CLANG_WARN_ENUM_CONVERSION = YES;
				CLANG_WARN_INFINITE_RECURSION = YES;
				CLANG_WARN_INT_CONVERSION = YES;
				CLANG_WARN_NON_LITERAL_NULL_CONVERSION = YES;
				CLANG_WARN_OBJC_IMPLICIT_RETAIN_SELF = YES;
				CLANG_WARN_OBJC_LITERAL_CONVERSION = YES;
				CLANG_WARN_OBJC_ROOT_CLASS = YES_ERROR;
				CLANG_WARN_QUOTED_INCLUDE_IN_FRAMEWORK_HEADER = YES;
				CLANG_WARN_RANGE_LOOP_ANALYSIS = YES;
				CLANG_WARN_STRICT_PROTOTYPES = YES;
				CLANG_WARN_SUSPICIOUS_MOVE = YES;
				CLANG_WARN_UNGUARDED_AVAILABILITY = YES_AGGRESSIVE;
				CLANG_WARN_UNREACHABLE_CODE = YES;
				CLANG_WARN__DUPLICATE_METHOD_MATCH = YES;
				COPY_PHASE_STRIP = NO;
				CURRENT_PROJECT_VERSION = 1;
				DEBUG_INFORMATION_FORMAT = dwarf;
				ENABLE_STRICT_OBJC_MSGSEND = YES;
				ENABLE_TESTABILITY = YES;
				GCC_C_LANGUAGE_STANDARD = gnu11;
				GCC_DYNAMIC_NO_PIC = NO;
				GCC_NO_COMMON_BLOCKS = YES;
				GCC_OPTIMIZATION_LEVEL = 0;
				GCC_PREPROCESSOR_DEFINITIONS = (
					"DEBUG=1",
					"$(inherited)",
				);
				GCC_WARN_64_TO_32_BIT_CONVERSION = YES;
				GCC_WARN_ABOUT_RETURN_TYPE = YES_ERROR;
				GCC_WARN_UNDECLARED_SELECTOR = YES;
				GCC_WARN_UNINITIALIZED_AUTOS = YES_AGGRESSIVE;
				GCC_WARN_UNUSED_FUNCTION = YES;
				GCC_WARN_UNUSED_VARIABLE = YES;
				IPHONEOS_DEPLOYMENT_TARGET = 15.2;
				MTL_ENABLE_DEBUG_INFO = INCLUDE_SOURCE;
				MTL_FAST_MATH = YES;
				ONLY_ACTIVE_ARCH = YES;
				SDKROOT = iphoneos;
				SWIFT_ACTIVE_COMPILATION_CONDITIONS = DEBUG;
				SWIFT_OPTIMIZATION_LEVEL = "-Onone";
				VERSIONING_SYSTEM = "apple-generic";
				VERSION_INFO_PREFIX = "";
			};
			name = Debug;
		};
		4C2C1C7929BF1356009F1F54 /* Release */ = {
			isa = XCBuildConfiguration;
			buildSettings = {
				ALWAYS_SEARCH_USER_PATHS = NO;
				CLANG_ANALYZER_NONNULL = YES;
				CLANG_ANALYZER_NUMBER_OBJECT_CONVERSION = YES_AGGRESSIVE;
				CLANG_CXX_LANGUAGE_STANDARD = "gnu++20";
				CLANG_ENABLE_MODULES = YES;
				CLANG_ENABLE_OBJC_ARC = YES;
				CLANG_ENABLE_OBJC_WEAK = YES;
				CLANG_WARN_BLOCK_CAPTURE_AUTORELEASING = YES;
				CLANG_WARN_BOOL_CONVERSION = YES;
				CLANG_WARN_COMMA = YES;
				CLANG_WARN_CONSTANT_CONVERSION = YES;
				CLANG_WARN_DEPRECATED_OBJC_IMPLEMENTATIONS = YES;
				CLANG_WARN_DIRECT_OBJC_ISA_USAGE = YES_ERROR;
				CLANG_WARN_DOCUMENTATION_COMMENTS = YES;
				CLANG_WARN_EMPTY_BODY = YES;
				CLANG_WARN_ENUM_CONVERSION = YES;
				CLANG_WARN_INFINITE_RECURSION = YES;
				CLANG_WARN_INT_CONVERSION = YES;
				CLANG_WARN_NON_LITERAL_NULL_CONVERSION = YES;
				CLANG_WARN_OBJC_IMPLICIT_RETAIN_SELF = YES;
				CLANG_WARN_OBJC_LITERAL_CONVERSION = YES;
				CLANG_WARN_OBJC_ROOT_CLASS = YES_ERROR;
				CLANG_WARN_QUOTED_INCLUDE_IN_FRAMEWORK_HEADER = YES;
				CLANG_WARN_RANGE_LOOP_ANALYSIS = YES;
				CLANG_WARN_STRICT_PROTOTYPES = YES;
				CLANG_WARN_SUSPICIOUS_MOVE = YES;
				CLANG_WARN_UNGUARDED_AVAILABILITY = YES_AGGRESSIVE;
				CLANG_WARN_UNREACHABLE_CODE = YES;
				CLANG_WARN__DUPLICATE_METHOD_MATCH = YES;
				COPY_PHASE_STRIP = NO;
				CURRENT_PROJECT_VERSION = 1;
				DEBUG_INFORMATION_FORMAT = "dwarf-with-dsym";
				ENABLE_NS_ASSERTIONS = NO;
				ENABLE_STRICT_OBJC_MSGSEND = YES;
				GCC_C_LANGUAGE_STANDARD = gnu11;
				GCC_NO_COMMON_BLOCKS = YES;
				GCC_WARN_64_TO_32_BIT_CONVERSION = YES;
				GCC_WARN_ABOUT_RETURN_TYPE = YES_ERROR;
				GCC_WARN_UNDECLARED_SELECTOR = YES;
				GCC_WARN_UNINITIALIZED_AUTOS = YES_AGGRESSIVE;
				GCC_WARN_UNUSED_FUNCTION = YES;
				GCC_WARN_UNUSED_VARIABLE = YES;
				IPHONEOS_DEPLOYMENT_TARGET = 15.2;
				MTL_ENABLE_DEBUG_INFO = NO;
				MTL_FAST_MATH = YES;
				SDKROOT = iphoneos;
				SWIFT_COMPILATION_MODE = wholemodule;
				SWIFT_OPTIMIZATION_LEVEL = "-O";
				VALIDATE_PRODUCT = YES;
				VERSIONING_SYSTEM = "apple-generic";
				VERSION_INFO_PREFIX = "";
			};
			name = Release;
		};
		4C2C1C7B29BF1356009F1F54 /* Debug */ = {
			isa = XCBuildConfiguration;
			buildSettings = {
				CODE_SIGN_STYLE = Automatic;
				CURRENT_PROJECT_VERSION = 1;
				DEFINES_MODULE = YES;
				DEVELOPMENT_TEAM = A5APZBJCDC;
				DYLIB_COMPATIBILITY_VERSION = 1;
				DYLIB_CURRENT_VERSION = 1;
				DYLIB_INSTALL_NAME_BASE = "@rpath";
				GENERATE_INFOPLIST_FILE = YES;
				INFOPLIST_KEY_NSHumanReadableCopyright = "";
				INSTALL_PATH = "$(LOCAL_LIBRARY_DIR)/Frameworks";
				IPHONEOS_DEPLOYMENT_TARGET = 15.2;
				LD_RUNPATH_SEARCH_PATHS = (
					"$(inherited)",
					"@executable_path/Frameworks",
					"@loader_path/Frameworks",
				);
				MARKETING_VERSION = 1.0;
				PRODUCT_BUNDLE_IDENTIFIER = com.angelo.pe.PDNetworking;
				PRODUCT_NAME = "$(TARGET_NAME:c99extidentifier)";
				SKIP_INSTALL = YES;
				SWIFT_EMIT_LOC_STRINGS = YES;
				SWIFT_VERSION = 5.0;
				TARGETED_DEVICE_FAMILY = "1,2";
			};
			name = Debug;
		};
		4C2C1C7C29BF1356009F1F54 /* Release */ = {
			isa = XCBuildConfiguration;
			buildSettings = {
				CODE_SIGN_STYLE = Automatic;
				CURRENT_PROJECT_VERSION = 1;
				DEFINES_MODULE = YES;
				DEVELOPMENT_TEAM = A5APZBJCDC;
				DYLIB_COMPATIBILITY_VERSION = 1;
				DYLIB_CURRENT_VERSION = 1;
				DYLIB_INSTALL_NAME_BASE = "@rpath";
				GENERATE_INFOPLIST_FILE = YES;
				INFOPLIST_KEY_NSHumanReadableCopyright = "";
				INSTALL_PATH = "$(LOCAL_LIBRARY_DIR)/Frameworks";
				IPHONEOS_DEPLOYMENT_TARGET = 15.2;
				LD_RUNPATH_SEARCH_PATHS = (
					"$(inherited)",
					"@executable_path/Frameworks",
					"@loader_path/Frameworks",
				);
				MARKETING_VERSION = 1.0;
				PRODUCT_BUNDLE_IDENTIFIER = com.angelo.pe.PDNetworking;
				PRODUCT_NAME = "$(TARGET_NAME:c99extidentifier)";
				SKIP_INSTALL = YES;
				SWIFT_EMIT_LOC_STRINGS = YES;
				SWIFT_VERSION = 5.0;
				TARGETED_DEVICE_FAMILY = "1,2";
			};
			name = Release;
		};
		4C2C1C7E29BF1356009F1F54 /* Debug */ = {
			isa = XCBuildConfiguration;
			buildSettings = {
				ALWAYS_EMBED_SWIFT_STANDARD_LIBRARIES = YES;
				CODE_SIGN_STYLE = Automatic;
				CURRENT_PROJECT_VERSION = 1;
				DEVELOPMENT_TEAM = A5APZBJCDC;
				GENERATE_INFOPLIST_FILE = YES;
				MARKETING_VERSION = 1.0;
				PRODUCT_BUNDLE_IDENTIFIER = com.angelo.pe.PDNetworkingTests;
				PRODUCT_NAME = "$(TARGET_NAME)";
				SWIFT_EMIT_LOC_STRINGS = NO;
				SWIFT_VERSION = 5.0;
				TARGETED_DEVICE_FAMILY = "1,2";
			};
			name = Debug;
		};
		4C2C1C7F29BF1356009F1F54 /* Release */ = {
			isa = XCBuildConfiguration;
			buildSettings = {
				ALWAYS_EMBED_SWIFT_STANDARD_LIBRARIES = YES;
				CODE_SIGN_STYLE = Automatic;
				CURRENT_PROJECT_VERSION = 1;
				DEVELOPMENT_TEAM = A5APZBJCDC;
				GENERATE_INFOPLIST_FILE = YES;
				MARKETING_VERSION = 1.0;
				PRODUCT_BUNDLE_IDENTIFIER = com.angelo.pe.PDNetworkingTests;
				PRODUCT_NAME = "$(TARGET_NAME)";
				SWIFT_EMIT_LOC_STRINGS = NO;
				SWIFT_VERSION = 5.0;
				TARGETED_DEVICE_FAMILY = "1,2";
			};
			name = Release;
		};
/* End XCBuildConfiguration section */

/* Begin XCConfigurationList section */
		4C2C1C6029BF1356009F1F54 /* Build configuration list for PBXProject "PDNetworking" */ = {
			isa = XCConfigurationList;
			buildConfigurations = (
				4C2C1C7829BF1356009F1F54 /* Debug */,
				4C2C1C7929BF1356009F1F54 /* Release */,
			);
			defaultConfigurationIsVisible = 0;
			defaultConfigurationName = Release;
		};
		4C2C1C7A29BF1356009F1F54 /* Build configuration list for PBXNativeTarget "PDNetworking" */ = {
			isa = XCConfigurationList;
			buildConfigurations = (
				4C2C1C7B29BF1356009F1F54 /* Debug */,
				4C2C1C7C29BF1356009F1F54 /* Release */,
			);
			defaultConfigurationIsVisible = 0;
			defaultConfigurationName = Release;
		};
		4C2C1C7D29BF1356009F1F54 /* Build configuration list for PBXNativeTarget "PDNetworkingTests" */ = {
			isa = XCConfigurationList;
			buildConfigurations = (
				4C2C1C7E29BF1356009F1F54 /* Debug */,
				4C2C1C7F29BF1356009F1F54 /* Release */,
			);
			defaultConfigurationIsVisible = 0;
			defaultConfigurationName = Release;
		};
/* End XCConfigurationList section */
	};
	rootObject = 4C2C1C5D29BF1356009F1F54 /* Project object */;
}
